// !$*UTF8*$!
{
	archiveVersion = 1;
	classes = {
	};
	objectVersion = 50;
	objects = {

/* Begin PBXBuildFile section */
		54360AE520CB94A8008BACD0 /* AppDelegate.swift in Sources */ = {isa = PBXBuildFile; fileRef = 54360AE420CB94A8008BACD0 /* AppDelegate.swift */; };
		54360AE720CB94A8008BACD0 /* HomeViewController.swift in Sources */ = {isa = PBXBuildFile; fileRef = 54360AE620CB94A8008BACD0 /* HomeViewController.swift */; };
		54360AEA20CB94A8008BACD0 /* Home.storyboard in Resources */ = {isa = PBXBuildFile; fileRef = 54360AE820CB94A8008BACD0 /* Home.storyboard */; };
		54360AEC20CB94AA008BACD0 /* Assets.xcassets in Resources */ = {isa = PBXBuildFile; fileRef = 54360AEB20CB94AA008BACD0 /* Assets.xcassets */; };
		54360AEF20CB94AA008BACD0 /* LaunchScreen.storyboard in Resources */ = {isa = PBXBuildFile; fileRef = 54360AED20CB94AA008BACD0 /* LaunchScreen.storyboard */; };
		54360AFA20CB94AA008BACD0 /* myappTests.swift in Sources */ = {isa = PBXBuildFile; fileRef = 54360AF920CB94AA008BACD0 /* myappTests.swift */; };
		54360B0520CB94AA008BACD0 /* myappUITests.swift in Sources */ = {isa = PBXBuildFile; fileRef = 54360B0420CB94AA008BACD0 /* myappUITests.swift */; };
		54360B1320CB94EE008BACD0 /* MainTabBarController.swift in Sources */ = {isa = PBXBuildFile; fileRef = 54360B1220CB94EE008BACD0 /* MainTabBarController.swift */; };
		54360B1520CB95D0008BACD0 /* MainTabBarController.storyboard in Resources */ = {isa = PBXBuildFile; fileRef = 54360B1420CB95D0008BACD0 /* MainTabBarController.storyboard */; };
		54360B1720CB9884008BACD0 /* Sub.storyboard in Resources */ = {isa = PBXBuildFile; fileRef = 54360B1620CB9884008BACD0 /* Sub.storyboard */; };
		54360B1920CB989E008BACD0 /* SubViewController.swift in Sources */ = {isa = PBXBuildFile; fileRef = 54360B1820CB989E008BACD0 /* SubViewController.swift */; };
		54360B1E20CB9E4C008BACD0 /* SubTableViewCell.swift in Sources */ = {isa = PBXBuildFile; fileRef = 54360B1C20CB9E4C008BACD0 /* SubTableViewCell.swift */; };
		54360B1F20CB9E4C008BACD0 /* SubTableViewCell.xib in Resources */ = {isa = PBXBuildFile; fileRef = 54360B1D20CB9E4C008BACD0 /* SubTableViewCell.xib */; };
		54360B2220CBC40F008BACD0 /* WebViewController.swift in Sources */ = {isa = PBXBuildFile; fileRef = 54360B2020CBC40F008BACD0 /* WebViewController.swift */; };
		54360B2520CBC43E008BACD0 /* Web.storyboard in Resources */ = {isa = PBXBuildFile; fileRef = 54360B2420CBC43E008BACD0 /* Web.storyboard */; };
		545292A620E9EE2800F0714A /* PokeRequest.swift in Sources */ = {isa = PBXBuildFile; fileRef = 545292A520E9EE2700F0714A /* PokeRequest.swift */; };
		545292A820E9F05100F0714A /* GetPokeRequest.swift in Sources */ = {isa = PBXBuildFile; fileRef = 545292A720E9F05100F0714A /* GetPokeRequest.swift */; };
		545292AA20E9F1E300F0714A /* PokeViewModel.swift in Sources */ = {isa = PBXBuildFile; fileRef = 545292A920E9F1E300F0714A /* PokeViewModel.swift */; };
		5490400120CCE589001E70E7 /* APIManager.swift in Sources */ = {isa = PBXBuildFile; fileRef = 5490400020CCE589001E70E7 /* APIManager.swift */; };
		5490400320CCE5C0001E70E7 /* ArticleViewModel.swift in Sources */ = {isa = PBXBuildFile; fileRef = 5490400220CCE5C0001E70E7 /* ArticleViewModel.swift */; };
		5490400520CCE5CD001E70E7 /* Article.swift in Sources */ = {isa = PBXBuildFile; fileRef = 5490400420CCE5CD001E70E7 /* Article.swift */; };
		5490400920CCE9E1001E70E7 /* Result.framework in Frameworks */ = {isa = PBXBuildFile; fileRef = 5490400720CCE9E1001E70E7 /* Result.framework */; };
		5490400A20CCE9E1001E70E7 /* APIKit.framework in Frameworks */ = {isa = PBXBuildFile; fileRef = 5490400820CCE9E1001E70E7 /* APIKit.framework */; };
		5490400D20CD08A5001E70E7 /* DecodableDataParser.swift in Sources */ = {isa = PBXBuildFile; fileRef = 5490400C20CD08A5001E70E7 /* DecodableDataParser.swift */; };
		5490400F20CD0984001E70E7 /* QiitaRequest.swift in Sources */ = {isa = PBXBuildFile; fileRef = 5490400E20CD0984001E70E7 /* QiitaRequest.swift */; };
		5490401220CD14AA001E70E7 /* GetArticleRequest.swift in Sources */ = {isa = PBXBuildFile; fileRef = 5490401120CD14AA001E70E7 /* GetArticleRequest.swift */; };
		5490401420CD164C001E70E7 /* BrightFutures.framework in Frameworks */ = {isa = PBXBuildFile; fileRef = 5490401320CD164C001E70E7 /* BrightFutures.framework */; };
		54C405D320E731E300E10236 /* PokemonParamsTableViewCell.swift in Sources */ = {isa = PBXBuildFile; fileRef = 54C405D120E731E300E10236 /* PokemonParamsTableViewCell.swift */; };
		54C405D420E731E300E10236 /* PokemonParamsTableViewCell.xib in Resources */ = {isa = PBXBuildFile; fileRef = 54C405D220E731E300E10236 /* PokemonParamsTableViewCell.xib */; };
		54C405D720E7592F00E10236 /* PokemonBasicDataTableViewCell.swift in Sources */ = {isa = PBXBuildFile; fileRef = 54C405D520E7592F00E10236 /* PokemonBasicDataTableViewCell.swift */; };
		54C405D820E7592F00E10236 /* PokemonBasicDataTableViewCell.xib in Resources */ = {isa = PBXBuildFile; fileRef = 54C405D620E7592F00E10236 /* PokemonBasicDataTableViewCell.xib */; };
		54DAC17020E6844000CB95F4 /* PokemonDetailViewController.swift in Sources */ = {isa = PBXBuildFile; fileRef = 54DAC16F20E6844000CB95F4 /* PokemonDetailViewController.swift */; };
		54DAC17320E6846700CB95F4 /* PokemonDetail.storyboard in Resources */ = {isa = PBXBuildFile; fileRef = 54DAC17220E6846700CB95F4 /* PokemonDetail.storyboard */; };
		54DAC17520E68A4200CB95F4 /* Pokemon.swift in Sources */ = {isa = PBXBuildFile; fileRef = 54DAC17420E68A4200CB95F4 /* Pokemon.swift */; };
		54DAF8C720E67640000A3D22 /* PokemonCollectionViewCell.swift in Sources */ = {isa = PBXBuildFile; fileRef = 54DAF8C520E67640000A3D22 /* PokemonCollectionViewCell.swift */; };
		54DAF8C820E67640000A3D22 /* PokemonCollectionViewCell.xib in Resources */ = {isa = PBXBuildFile; fileRef = 54DAF8C620E67640000A3D22 /* PokemonCollectionViewCell.xib */; };
/* End PBXBuildFile section */

/* Begin PBXContainerItemProxy section */
		54360AF620CB94AA008BACD0 /* PBXContainerItemProxy */ = {
			isa = PBXContainerItemProxy;
			containerPortal = 54360AD920CB94A8008BACD0 /* Project object */;
			proxyType = 1;
			remoteGlobalIDString = 54360AE020CB94A8008BACD0;
			remoteInfo = myapp;
		};
		54360B0120CB94AA008BACD0 /* PBXContainerItemProxy */ = {
			isa = PBXContainerItemProxy;
			containerPortal = 54360AD920CB94A8008BACD0 /* Project object */;
			proxyType = 1;
			remoteGlobalIDString = 54360AE020CB94A8008BACD0;
			remoteInfo = myapp;
		};
/* End PBXContainerItemProxy section */

/* Begin PBXFileReference section */
		54360AE120CB94A8008BACD0 /* myapp.app */ = {isa = PBXFileReference; explicitFileType = wrapper.application; includeInIndex = 0; path = myapp.app; sourceTree = BUILT_PRODUCTS_DIR; };
		54360AE420CB94A8008BACD0 /* AppDelegate.swift */ = {isa = PBXFileReference; lastKnownFileType = sourcecode.swift; path = AppDelegate.swift; sourceTree = "<group>"; };
		54360AE620CB94A8008BACD0 /* HomeViewController.swift */ = {isa = PBXFileReference; lastKnownFileType = sourcecode.swift; path = HomeViewController.swift; sourceTree = "<group>"; };
		54360AE920CB94A8008BACD0 /* Base */ = {isa = PBXFileReference; lastKnownFileType = file.storyboard; name = Base; path = Base.lproj/Home.storyboard; sourceTree = "<group>"; };
		54360AEB20CB94AA008BACD0 /* Assets.xcassets */ = {isa = PBXFileReference; lastKnownFileType = folder.assetcatalog; path = Assets.xcassets; sourceTree = "<group>"; };
		54360AEE20CB94AA008BACD0 /* Base */ = {isa = PBXFileReference; lastKnownFileType = file.storyboard; name = Base; path = Base.lproj/LaunchScreen.storyboard; sourceTree = "<group>"; };
		54360AF020CB94AA008BACD0 /* Info.plist */ = {isa = PBXFileReference; lastKnownFileType = text.plist.xml; path = Info.plist; sourceTree = "<group>"; };
		54360AF520CB94AA008BACD0 /* myappTests.xctest */ = {isa = PBXFileReference; explicitFileType = wrapper.cfbundle; includeInIndex = 0; path = myappTests.xctest; sourceTree = BUILT_PRODUCTS_DIR; };
		54360AF920CB94AA008BACD0 /* myappTests.swift */ = {isa = PBXFileReference; lastKnownFileType = sourcecode.swift; path = myappTests.swift; sourceTree = "<group>"; };
		54360AFB20CB94AA008BACD0 /* Info.plist */ = {isa = PBXFileReference; lastKnownFileType = text.plist.xml; path = Info.plist; sourceTree = "<group>"; };
		54360B0020CB94AA008BACD0 /* myappUITests.xctest */ = {isa = PBXFileReference; explicitFileType = wrapper.cfbundle; includeInIndex = 0; path = myappUITests.xctest; sourceTree = BUILT_PRODUCTS_DIR; };
		54360B0420CB94AA008BACD0 /* myappUITests.swift */ = {isa = PBXFileReference; lastKnownFileType = sourcecode.swift; path = myappUITests.swift; sourceTree = "<group>"; };
		54360B0620CB94AA008BACD0 /* Info.plist */ = {isa = PBXFileReference; lastKnownFileType = text.plist.xml; path = Info.plist; sourceTree = "<group>"; };
		54360B1220CB94EE008BACD0 /* MainTabBarController.swift */ = {isa = PBXFileReference; lastKnownFileType = sourcecode.swift; path = MainTabBarController.swift; sourceTree = "<group>"; };
		54360B1420CB95D0008BACD0 /* MainTabBarController.storyboard */ = {isa = PBXFileReference; lastKnownFileType = file.storyboard; path = MainTabBarController.storyboard; sourceTree = "<group>"; };
		54360B1620CB9884008BACD0 /* Sub.storyboard */ = {isa = PBXFileReference; lastKnownFileType = file.storyboard; path = Sub.storyboard; sourceTree = "<group>"; };
		54360B1820CB989E008BACD0 /* SubViewController.swift */ = {isa = PBXFileReference; lastKnownFileType = sourcecode.swift; path = SubViewController.swift; sourceTree = "<group>"; };
		54360B1C20CB9E4C008BACD0 /* SubTableViewCell.swift */ = {isa = PBXFileReference; lastKnownFileType = sourcecode.swift; path = SubTableViewCell.swift; sourceTree = "<group>"; };
		54360B1D20CB9E4C008BACD0 /* SubTableViewCell.xib */ = {isa = PBXFileReference; lastKnownFileType = file.xib; path = SubTableViewCell.xib; sourceTree = "<group>"; };
		54360B2020CBC40F008BACD0 /* WebViewController.swift */ = {isa = PBXFileReference; lastKnownFileType = sourcecode.swift; path = WebViewController.swift; sourceTree = "<group>"; };
		54360B2420CBC43E008BACD0 /* Web.storyboard */ = {isa = PBXFileReference; lastKnownFileType = file.storyboard; path = Web.storyboard; sourceTree = "<group>"; };
		545292A520E9EE2700F0714A /* PokeRequest.swift */ = {isa = PBXFileReference; lastKnownFileType = sourcecode.swift; path = PokeRequest.swift; sourceTree = "<group>"; };
		545292A720E9F05100F0714A /* GetPokeRequest.swift */ = {isa = PBXFileReference; lastKnownFileType = sourcecode.swift; path = GetPokeRequest.swift; sourceTree = "<group>"; };
		545292A920E9F1E300F0714A /* PokeViewModel.swift */ = {isa = PBXFileReference; lastKnownFileType = sourcecode.swift; path = PokeViewModel.swift; sourceTree = "<group>"; };
		5490400020CCE589001E70E7 /* APIManager.swift */ = {isa = PBXFileReference; lastKnownFileType = sourcecode.swift; path = APIManager.swift; sourceTree = "<group>"; };
		5490400220CCE5C0001E70E7 /* ArticleViewModel.swift */ = {isa = PBXFileReference; lastKnownFileType = sourcecode.swift; path = ArticleViewModel.swift; sourceTree = "<group>"; };
		5490400420CCE5CD001E70E7 /* Article.swift */ = {isa = PBXFileReference; lastKnownFileType = sourcecode.swift; path = Article.swift; sourceTree = "<group>"; };
		5490400720CCE9E1001E70E7 /* Result.framework */ = {isa = PBXFileReference; lastKnownFileType = wrapper.framework; name = Result.framework; path = Carthage/Build/iOS/Result.framework; sourceTree = "<group>"; };
		5490400820CCE9E1001E70E7 /* APIKit.framework */ = {isa = PBXFileReference; lastKnownFileType = wrapper.framework; name = APIKit.framework; path = Carthage/Build/iOS/APIKit.framework; sourceTree = "<group>"; };
		5490400C20CD08A5001E70E7 /* DecodableDataParser.swift */ = {isa = PBXFileReference; lastKnownFileType = sourcecode.swift; path = DecodableDataParser.swift; sourceTree = "<group>"; };
		5490400E20CD0984001E70E7 /* QiitaRequest.swift */ = {isa = PBXFileReference; lastKnownFileType = sourcecode.swift; path = QiitaRequest.swift; sourceTree = "<group>"; };
		5490401120CD14AA001E70E7 /* GetArticleRequest.swift */ = {isa = PBXFileReference; lastKnownFileType = sourcecode.swift; path = GetArticleRequest.swift; sourceTree = "<group>"; };
		5490401320CD164C001E70E7 /* BrightFutures.framework */ = {isa = PBXFileReference; lastKnownFileType = wrapper.framework; name = BrightFutures.framework; path = Carthage/Build/iOS/BrightFutures.framework; sourceTree = "<group>"; };
		54C405D120E731E300E10236 /* PokemonParamsTableViewCell.swift */ = {isa = PBXFileReference; lastKnownFileType = sourcecode.swift; path = PokemonParamsTableViewCell.swift; sourceTree = "<group>"; };
		54C405D220E731E300E10236 /* PokemonParamsTableViewCell.xib */ = {isa = PBXFileReference; lastKnownFileType = file.xib; path = PokemonParamsTableViewCell.xib; sourceTree = "<group>"; };
		54C405D520E7592F00E10236 /* PokemonBasicDataTableViewCell.swift */ = {isa = PBXFileReference; lastKnownFileType = sourcecode.swift; path = PokemonBasicDataTableViewCell.swift; sourceTree = "<group>"; };
		54C405D620E7592F00E10236 /* PokemonBasicDataTableViewCell.xib */ = {isa = PBXFileReference; lastKnownFileType = file.xib; path = PokemonBasicDataTableViewCell.xib; sourceTree = "<group>"; };
		54DAC16F20E6844000CB95F4 /* PokemonDetailViewController.swift */ = {isa = PBXFileReference; lastKnownFileType = sourcecode.swift; path = PokemonDetailViewController.swift; sourceTree = "<group>"; };
		54DAC17220E6846700CB95F4 /* PokemonDetail.storyboard */ = {isa = PBXFileReference; lastKnownFileType = file.storyboard; path = PokemonDetail.storyboard; sourceTree = "<group>"; };
		54DAC17420E68A4200CB95F4 /* Pokemon.swift */ = {isa = PBXFileReference; lastKnownFileType = sourcecode.swift; path = Pokemon.swift; sourceTree = "<group>"; };
		54DAF8C520E67640000A3D22 /* PokemonCollectionViewCell.swift */ = {isa = PBXFileReference; lastKnownFileType = sourcecode.swift; path = PokemonCollectionViewCell.swift; sourceTree = "<group>"; };
		54DAF8C620E67640000A3D22 /* PokemonCollectionViewCell.xib */ = {isa = PBXFileReference; lastKnownFileType = file.xib; path = PokemonCollectionViewCell.xib; sourceTree = "<group>"; };
/* End PBXFileReference section */

/* Begin PBXFrameworksBuildPhase section */
		54360ADE20CB94A8008BACD0 /* Frameworks */ = {
			isa = PBXFrameworksBuildPhase;
			buildActionMask = 2147483647;
			files = (
				5490401420CD164C001E70E7 /* BrightFutures.framework in Frameworks */,
				5490400920CCE9E1001E70E7 /* Result.framework in Frameworks */,
				5490400A20CCE9E1001E70E7 /* APIKit.framework in Frameworks */,
			);
			runOnlyForDeploymentPostprocessing = 0;
		};
		54360AF220CB94AA008BACD0 /* Frameworks */ = {
			isa = PBXFrameworksBuildPhase;
			buildActionMask = 2147483647;
			files = (
			);
			runOnlyForDeploymentPostprocessing = 0;
		};
		54360AFD20CB94AA008BACD0 /* Frameworks */ = {
			isa = PBXFrameworksBuildPhase;
			buildActionMask = 2147483647;
			files = (
			);
			runOnlyForDeploymentPostprocessing = 0;
		};
/* End PBXFrameworksBuildPhase section */

/* Begin PBXGroup section */
		54360AD820CB94A7008BACD0 = {
			isa = PBXGroup;
			children = (
				54360AE320CB94A8008BACD0 /* myapp */,
				54360AF820CB94AA008BACD0 /* myappTests */,
				54360B0320CB94AA008BACD0 /* myappUITests */,
				54360AE220CB94A8008BACD0 /* Products */,
				5490400620CCE9E1001E70E7 /* Frameworks */,
			);
			sourceTree = "<group>";
		};
		54360AE220CB94A8008BACD0 /* Products */ = {
			isa = PBXGroup;
			children = (
				54360AE120CB94A8008BACD0 /* myapp.app */,
				54360AF520CB94AA008BACD0 /* myappTests.xctest */,
				54360B0020CB94AA008BACD0 /* myappUITests.xctest */,
			);
			name = Products;
			sourceTree = "<group>";
		};
		54360AE320CB94A8008BACD0 /* myapp */ = {
			isa = PBXGroup;
			children = (
				54DAC17120E6845100CB95F4 /* Storyboard */,
				54DAC16E20E6841D00CB95F4 /* ViewController */,
				54DAF8C420E67618000A3D22 /* Cell */,
				5490401020CD0B0E001E70E7 /* Protocols */,
				54903FFF20CCE564001E70E7 /* Model */,
				54903FFE20CCE557001E70E7 /* ViewModel */,
				54903FFD20CCE54C001E70E7 /* Utils */,
				54360AE420CB94A8008BACD0 /* AppDelegate.swift */,
				54360AE620CB94A8008BACD0 /* HomeViewController.swift */,
				54360AE820CB94A8008BACD0 /* Home.storyboard */,
				54360AEB20CB94AA008BACD0 /* Assets.xcassets */,
				54360AED20CB94AA008BACD0 /* LaunchScreen.storyboard */,
				54360AF020CB94AA008BACD0 /* Info.plist */,
				54360B1220CB94EE008BACD0 /* MainTabBarController.swift */,
				54360B1420CB95D0008BACD0 /* MainTabBarController.storyboard */,
				54360B1620CB9884008BACD0 /* Sub.storyboard */,
				54360B1820CB989E008BACD0 /* SubViewController.swift */,
				54360B1C20CB9E4C008BACD0 /* SubTableViewCell.swift */,
				54360B1D20CB9E4C008BACD0 /* SubTableViewCell.xib */,
				54360B2020CBC40F008BACD0 /* WebViewController.swift */,
				54360B2420CBC43E008BACD0 /* Web.storyboard */,
			);
			path = myapp;
			sourceTree = "<group>";
		};
		54360AF820CB94AA008BACD0 /* myappTests */ = {
			isa = PBXGroup;
			children = (
				54360AF920CB94AA008BACD0 /* myappTests.swift */,
				54360AFB20CB94AA008BACD0 /* Info.plist */,
			);
			path = myappTests;
			sourceTree = "<group>";
		};
		54360B0320CB94AA008BACD0 /* myappUITests */ = {
			isa = PBXGroup;
			children = (
				54360B0420CB94AA008BACD0 /* myappUITests.swift */,
				54360B0620CB94AA008BACD0 /* Info.plist */,
			);
			path = myappUITests;
			sourceTree = "<group>";
		};
		54903FFD20CCE54C001E70E7 /* Utils */ = {
			isa = PBXGroup;
			children = (
				5490400020CCE589001E70E7 /* APIManager.swift */,
				5490400C20CD08A5001E70E7 /* DecodableDataParser.swift */,
			);
			path = Utils;
			sourceTree = "<group>";
		};
		54903FFE20CCE557001E70E7 /* ViewModel */ = {
			isa = PBXGroup;
			children = (
				5490400220CCE5C0001E70E7 /* ArticleViewModel.swift */,
				545292A920E9F1E300F0714A /* PokeViewModel.swift */,
			);
			path = ViewModel;
			sourceTree = "<group>";
		};
		54903FFF20CCE564001E70E7 /* Model */ = {
			isa = PBXGroup;
			children = (
				5490400420CCE5CD001E70E7 /* Article.swift */,
				54DAC17420E68A4200CB95F4 /* Pokemon.swift */,
			);
			path = Model;
			sourceTree = "<group>";
		};
		5490400620CCE9E1001E70E7 /* Frameworks */ = {
			isa = PBXGroup;
			children = (
				5490401320CD164C001E70E7 /* BrightFutures.framework */,
				5490400820CCE9E1001E70E7 /* APIKit.framework */,
				5490400720CCE9E1001E70E7 /* Result.framework */,
			);
			name = Frameworks;
			sourceTree = "<group>";
		};
		5490401020CD0B0E001E70E7 /* Protocols */ = {
			isa = PBXGroup;
			children = (
				5490400E20CD0984001E70E7 /* QiitaRequest.swift */,
				5490401120CD14AA001E70E7 /* GetArticleRequest.swift */,
				545292A520E9EE2700F0714A /* PokeRequest.swift */,
				545292A720E9F05100F0714A /* GetPokeRequest.swift */,
			);
			path = Protocols;
			sourceTree = "<group>";
		};
		54DAC16E20E6841D00CB95F4 /* ViewController */ = {
			isa = PBXGroup;
			children = (
				54DAC16F20E6844000CB95F4 /* PokemonDetailViewController.swift */,
			);
			path = ViewController;
			sourceTree = "<group>";
		};
		54DAC17120E6845100CB95F4 /* Storyboard */ = {
			isa = PBXGroup;
			children = (
				54DAC17220E6846700CB95F4 /* PokemonDetail.storyboard */,
			);
			path = Storyboard;
			sourceTree = "<group>";
		};
		54DAF8C420E67618000A3D22 /* Cell */ = {
			isa = PBXGroup;
			children = (
				54DAF8C520E67640000A3D22 /* PokemonCollectionViewCell.swift */,
				54DAF8C620E67640000A3D22 /* PokemonCollectionViewCell.xib */,
				54C405D120E731E300E10236 /* PokemonParamsTableViewCell.swift */,
				54C405D220E731E300E10236 /* PokemonParamsTableViewCell.xib */,
				54C405D520E7592F00E10236 /* PokemonBasicDataTableViewCell.swift */,
				54C405D620E7592F00E10236 /* PokemonBasicDataTableViewCell.xib */,
			);
			path = Cell;
			sourceTree = "<group>";
		};
/* End PBXGroup section */

/* Begin PBXNativeTarget section */
		54360AE020CB94A8008BACD0 /* myapp */ = {
			isa = PBXNativeTarget;
			buildConfigurationList = 54360B0920CB94AA008BACD0 /* Build configuration list for PBXNativeTarget "myapp" */;
			buildPhases = (
				54360ADD20CB94A8008BACD0 /* Sources */,
				54360ADE20CB94A8008BACD0 /* Frameworks */,
				54360ADF20CB94A8008BACD0 /* Resources */,
				5490400B20CCEA12001E70E7 /* ShellScript */,
			);
			buildRules = (
			);
			dependencies = (
			);
			name = myapp;
			productName = myapp;
			productReference = 54360AE120CB94A8008BACD0 /* myapp.app */;
			productType = "com.apple.product-type.application";
		};
		54360AF420CB94AA008BACD0 /* myappTests */ = {
			isa = PBXNativeTarget;
			buildConfigurationList = 54360B0C20CB94AA008BACD0 /* Build configuration list for PBXNativeTarget "myappTests" */;
			buildPhases = (
				54360AF120CB94AA008BACD0 /* Sources */,
				54360AF220CB94AA008BACD0 /* Frameworks */,
				54360AF320CB94AA008BACD0 /* Resources */,
			);
			buildRules = (
			);
			dependencies = (
				54360AF720CB94AA008BACD0 /* PBXTargetDependency */,
			);
			name = myappTests;
			productName = myappTests;
			productReference = 54360AF520CB94AA008BACD0 /* myappTests.xctest */;
			productType = "com.apple.product-type.bundle.unit-test";
		};
		54360AFF20CB94AA008BACD0 /* myappUITests */ = {
			isa = PBXNativeTarget;
			buildConfigurationList = 54360B0F20CB94AA008BACD0 /* Build configuration list for PBXNativeTarget "myappUITests" */;
			buildPhases = (
				54360AFC20CB94AA008BACD0 /* Sources */,
				54360AFD20CB94AA008BACD0 /* Frameworks */,
				54360AFE20CB94AA008BACD0 /* Resources */,
			);
			buildRules = (
			);
			dependencies = (
				54360B0220CB94AA008BACD0 /* PBXTargetDependency */,
			);
			name = myappUITests;
			productName = myappUITests;
			productReference = 54360B0020CB94AA008BACD0 /* myappUITests.xctest */;
			productType = "com.apple.product-type.bundle.ui-testing";
		};
/* End PBXNativeTarget section */

/* Begin PBXProject section */
		54360AD920CB94A8008BACD0 /* Project object */ = {
			isa = PBXProject;
			attributes = {
				LastSwiftUpdateCheck = 0940;
				LastUpgradeCheck = 0940;
				ORGANIZATIONNAME = pipinosuke;
				TargetAttributes = {
					54360AE020CB94A8008BACD0 = {
						CreatedOnToolsVersion = 9.4;
					};
					54360AF420CB94AA008BACD0 = {
						CreatedOnToolsVersion = 9.4;
						TestTargetID = 54360AE020CB94A8008BACD0;
					};
					54360AFF20CB94AA008BACD0 = {
						CreatedOnToolsVersion = 9.4;
						TestTargetID = 54360AE020CB94A8008BACD0;
					};
				};
			};
			buildConfigurationList = 54360ADC20CB94A8008BACD0 /* Build configuration list for PBXProject "myapp" */;
			compatibilityVersion = "Xcode 9.3";
			developmentRegion = en;
			hasScannedForEncodings = 0;
			knownRegions = (
				en,
				Base,
			);
			mainGroup = 54360AD820CB94A7008BACD0;
			productRefGroup = 54360AE220CB94A8008BACD0 /* Products */;
			projectDirPath = "";
			projectRoot = "";
			targets = (
				54360AE020CB94A8008BACD0 /* myapp */,
				54360AF420CB94AA008BACD0 /* myappTests */,
				54360AFF20CB94AA008BACD0 /* myappUITests */,
			);
		};
/* End PBXProject section */

/* Begin PBXResourcesBuildPhase section */
		54360ADF20CB94A8008BACD0 /* Resources */ = {
			isa = PBXResourcesBuildPhase;
			buildActionMask = 2147483647;
			files = (
				54360B1F20CB9E4C008BACD0 /* SubTableViewCell.xib in Resources */,
				54C405D420E731E300E10236 /* PokemonParamsTableViewCell.xib in Resources */,
				54360AEF20CB94AA008BACD0 /* LaunchScreen.storyboard in Resources */,
				54360AEC20CB94AA008BACD0 /* Assets.xcassets in Resources */,
				54360B1720CB9884008BACD0 /* Sub.storyboard in Resources */,
				54C405D820E7592F00E10236 /* PokemonBasicDataTableViewCell.xib in Resources */,
				54DAC17320E6846700CB95F4 /* PokemonDetail.storyboard in Resources */,
				54360B2520CBC43E008BACD0 /* Web.storyboard in Resources */,
				54360AEA20CB94A8008BACD0 /* Home.storyboard in Resources */,
				54DAF8C820E67640000A3D22 /* PokemonCollectionViewCell.xib in Resources */,
				54360B1520CB95D0008BACD0 /* MainTabBarController.storyboard in Resources */,
			);
			runOnlyForDeploymentPostprocessing = 0;
		};
		54360AF320CB94AA008BACD0 /* Resources */ = {
			isa = PBXResourcesBuildPhase;
			buildActionMask = 2147483647;
			files = (
			);
			runOnlyForDeploymentPostprocessing = 0;
		};
		54360AFE20CB94AA008BACD0 /* Resources */ = {
			isa = PBXResourcesBuildPhase;
			buildActionMask = 2147483647;
			files = (
			);
			runOnlyForDeploymentPostprocessing = 0;
		};
/* End PBXResourcesBuildPhase section */

/* Begin PBXShellScriptBuildPhase section */
		5490400B20CCEA12001E70E7 /* ShellScript */ = {
			isa = PBXShellScriptBuildPhase;
			buildActionMask = 2147483647;
			files = (
			);
			inputPaths = (
				"$(SRCROOT)/Carthage/Build/iOS/Result.framework",
				"$(SRCROOT)/Carthage/Build/iOS/APIKit.framework",
				"$(SRCROOT)/Carthage/Build/iOS/BrightFutures.framework",
			);
			outputPaths = (
			);
			runOnlyForDeploymentPostprocessing = 0;
			shellPath = /bin/sh;
			shellScript = "/usr/local/bin/carthage copy-frameworks";
		};
/* End PBXShellScriptBuildPhase section */

/* Begin PBXSourcesBuildPhase section */
		54360ADD20CB94A8008BACD0 /* Sources */ = {
			isa = PBXSourcesBuildPhase;
			buildActionMask = 2147483647;
			files = (
				54360B2220CBC40F008BACD0 /* WebViewController.swift in Sources */,
				5490400F20CD0984001E70E7 /* QiitaRequest.swift in Sources */,
				545292A820E9F05100F0714A /* GetPokeRequest.swift in Sources */,
				545292A620E9EE2800F0714A /* PokeRequest.swift in Sources */,
				5490400320CCE5C0001E70E7 /* ArticleViewModel.swift in Sources */,
				5490400520CCE5CD001E70E7 /* Article.swift in Sources */,
				54C405D720E7592F00E10236 /* PokemonBasicDataTableViewCell.swift in Sources */,
				54360B1320CB94EE008BACD0 /* MainTabBarController.swift in Sources */,
				54DAC17520E68A4200CB95F4 /* Pokemon.swift in Sources */,
				545292AA20E9F1E300F0714A /* PokeViewModel.swift in Sources */,
				54C405D320E731E300E10236 /* PokemonParamsTableViewCell.swift in Sources */,
				54360AE720CB94A8008BACD0 /* HomeViewController.swift in Sources */,
				54360AE520CB94A8008BACD0 /* AppDelegate.swift in Sources */,
				5490401220CD14AA001E70E7 /* GetArticleRequest.swift in Sources */,
				54360B1E20CB9E4C008BACD0 /* SubTableViewCell.swift in Sources */,
				54360B1920CB989E008BACD0 /* SubViewController.swift in Sources */,
				54DAC17020E6844000CB95F4 /* PokemonDetailViewController.swift in Sources */,
				5490400D20CD08A5001E70E7 /* DecodableDataParser.swift in Sources */,
				54DAF8C720E67640000A3D22 /* PokemonCollectionViewCell.swift in Sources */,
				5490400120CCE589001E70E7 /* APIManager.swift in Sources */,
			);
			runOnlyForDeploymentPostprocessing = 0;
		};
		54360AF120CB94AA008BACD0 /* Sources */ = {
			isa = PBXSourcesBuildPhase;
			buildActionMask = 2147483647;
			files = (
				54360AFA20CB94AA008BACD0 /* myappTests.swift in Sources */,
			);
			runOnlyForDeploymentPostprocessing = 0;
		};
		54360AFC20CB94AA008BACD0 /* Sources */ = {
			isa = PBXSourcesBuildPhase;
			buildActionMask = 2147483647;
			files = (
				54360B0520CB94AA008BACD0 /* myappUITests.swift in Sources */,
			);
			runOnlyForDeploymentPostprocessing = 0;
		};
/* End PBXSourcesBuildPhase section */

/* Begin PBXTargetDependency section */
		54360AF720CB94AA008BACD0 /* PBXTargetDependency */ = {
			isa = PBXTargetDependency;
			target = 54360AE020CB94A8008BACD0 /* myapp */;
			targetProxy = 54360AF620CB94AA008BACD0 /* PBXContainerItemProxy */;
		};
		54360B0220CB94AA008BACD0 /* PBXTargetDependency */ = {
			isa = PBXTargetDependency;
			target = 54360AE020CB94A8008BACD0 /* myapp */;
			targetProxy = 54360B0120CB94AA008BACD0 /* PBXContainerItemProxy */;
		};
/* End PBXTargetDependency section */

/* Begin PBXVariantGroup section */
		54360AE820CB94A8008BACD0 /* Home.storyboard */ = {
			isa = PBXVariantGroup;
			children = (
				54360AE920CB94A8008BACD0 /* Base */,
			);
			name = Home.storyboard;
			sourceTree = "<group>";
		};
		54360AED20CB94AA008BACD0 /* LaunchScreen.storyboard */ = {
			isa = PBXVariantGroup;
			children = (
				54360AEE20CB94AA008BACD0 /* Base */,
			);
			name = LaunchScreen.storyboard;
			sourceTree = "<group>";
		};
/* End PBXVariantGroup section */

/* Begin XCBuildConfiguration section */
		54360B0720CB94AA008BACD0 /* Debug */ = {
			isa = XCBuildConfiguration;
			buildSettings = {
				ALWAYS_SEARCH_USER_PATHS = NO;
				CLANG_ANALYZER_NONNULL = YES;
				CLANG_ANALYZER_NUMBER_OBJECT_CONVERSION = YES_AGGRESSIVE;
				CLANG_CXX_LANGUAGE_STANDARD = "gnu++14";
				CLANG_CXX_LIBRARY = "libc++";
				CLANG_ENABLE_MODULES = YES;
				CLANG_ENABLE_OBJC_ARC = YES;
				CLANG_ENABLE_OBJC_WEAK = YES;
				CLANG_WARN_BLOCK_CAPTURE_AUTORELEASING = YES;
				CLANG_WARN_BOOL_CONVERSION = YES;
				CLANG_WARN_COMMA = YES;
				CLANG_WARN_CONSTANT_CONVERSION = YES;
				CLANG_WARN_DEPRECATED_OBJC_IMPLEMENTATIONS = YES;
				CLANG_WARN_DIRECT_OBJC_ISA_USAGE = YES_ERROR;
				CLANG_WARN_DOCUMENTATION_COMMENTS = YES;
				CLANG_WARN_EMPTY_BODY = YES;
				CLANG_WARN_ENUM_CONVERSION = YES;
				CLANG_WARN_INFINITE_RECURSION = YES;
				CLANG_WARN_INT_CONVERSION = YES;
				CLANG_WARN_NON_LITERAL_NULL_CONVERSION = YES;
				CLANG_WARN_OBJC_IMPLICIT_RETAIN_SELF = YES;
				CLANG_WARN_OBJC_LITERAL_CONVERSION = YES;
				CLANG_WARN_OBJC_ROOT_CLASS = YES_ERROR;
				CLANG_WARN_RANGE_LOOP_ANALYSIS = YES;
				CLANG_WARN_STRICT_PROTOTYPES = YES;
				CLANG_WARN_SUSPICIOUS_MOVE = YES;
				CLANG_WARN_UNGUARDED_AVAILABILITY = YES_AGGRESSIVE;
				CLANG_WARN_UNREACHABLE_CODE = YES;
				CLANG_WARN__DUPLICATE_METHOD_MATCH = YES;
				CODE_SIGN_IDENTITY = "iPhone Developer";
				COPY_PHASE_STRIP = NO;
				DEBUG_INFORMATION_FORMAT = dwarf;
				ENABLE_STRICT_OBJC_MSGSEND = YES;
				ENABLE_TESTABILITY = YES;
				GCC_C_LANGUAGE_STANDARD = gnu11;
				GCC_DYNAMIC_NO_PIC = NO;
				GCC_NO_COMMON_BLOCKS = YES;
				GCC_OPTIMIZATION_LEVEL = 0;
				GCC_PREPROCESSOR_DEFINITIONS = (
					"DEBUG=1",
					"$(inherited)",
				);
				GCC_WARN_64_TO_32_BIT_CONVERSION = YES;
				GCC_WARN_ABOUT_RETURN_TYPE = YES_ERROR;
				GCC_WARN_UNDECLARED_SELECTOR = YES;
				GCC_WARN_UNINITIALIZED_AUTOS = YES_AGGRESSIVE;
				GCC_WARN_UNUSED_FUNCTION = YES;
				GCC_WARN_UNUSED_VARIABLE = YES;
				IPHONEOS_DEPLOYMENT_TARGET = 11.4;
				MTL_ENABLE_DEBUG_INFO = YES;
				ONLY_ACTIVE_ARCH = YES;
				SDKROOT = iphoneos;
				SWIFT_ACTIVE_COMPILATION_CONDITIONS = DEBUG;
				SWIFT_OPTIMIZATION_LEVEL = "-Onone";
			};
			name = Debug;
		};
		54360B0820CB94AA008BACD0 /* Release */ = {
			isa = XCBuildConfiguration;
			buildSettings = {
				ALWAYS_SEARCH_USER_PATHS = NO;
				CLANG_ANALYZER_NONNULL = YES;
				CLANG_ANALYZER_NUMBER_OBJECT_CONVERSION = YES_AGGRESSIVE;
				CLANG_CXX_LANGUAGE_STANDARD = "gnu++14";
				CLANG_CXX_LIBRARY = "libc++";
				CLANG_ENABLE_MODULES = YES;
				CLANG_ENABLE_OBJC_ARC = YES;
				CLANG_ENABLE_OBJC_WEAK = YES;
				CLANG_WARN_BLOCK_CAPTURE_AUTORELEASING = YES;
				CLANG_WARN_BOOL_CONVERSION = YES;
				CLANG_WARN_COMMA = YES;
				CLANG_WARN_CONSTANT_CONVERSION = YES;
				CLANG_WARN_DEPRECATED_OBJC_IMPLEMENTATIONS = YES;
				CLANG_WARN_DIRECT_OBJC_ISA_USAGE = YES_ERROR;
				CLANG_WARN_DOCUMENTATION_COMMENTS = YES;
				CLANG_WARN_EMPTY_BODY = YES;
				CLANG_WARN_ENUM_CONVERSION = YES;
				CLANG_WARN_INFINITE_RECURSION = YES;
				CLANG_WARN_INT_CONVERSION = YES;
				CLANG_WARN_NON_LITERAL_NULL_CONVERSION = YES;
				CLANG_WARN_OBJC_IMPLICIT_RETAIN_SELF = YES;
				CLANG_WARN_OBJC_LITERAL_CONVERSION = YES;
				CLANG_WARN_OBJC_ROOT_CLASS = YES_ERROR;
				CLANG_WARN_RANGE_LOOP_ANALYSIS = YES;
				CLANG_WARN_STRICT_PROTOTYPES = YES;
				CLANG_WARN_SUSPICIOUS_MOVE = YES;
				CLANG_WARN_UNGUARDED_AVAILABILITY = YES_AGGRESSIVE;
				CLANG_WARN_UNREACHABLE_CODE = YES;
				CLANG_WARN__DUPLICATE_METHOD_MATCH = YES;
				CODE_SIGN_IDENTITY = "iPhone Developer";
				COPY_PHASE_STRIP = NO;
				DEBUG_INFORMATION_FORMAT = "dwarf-with-dsym";
				ENABLE_NS_ASSERTIONS = NO;
				ENABLE_STRICT_OBJC_MSGSEND = YES;
				GCC_C_LANGUAGE_STANDARD = gnu11;
				GCC_NO_COMMON_BLOCKS = YES;
				GCC_WARN_64_TO_32_BIT_CONVERSION = YES;
				GCC_WARN_ABOUT_RETURN_TYPE = YES_ERROR;
				GCC_WARN_UNDECLARED_SELECTOR = YES;
				GCC_WARN_UNINITIALIZED_AUTOS = YES_AGGRESSIVE;
				GCC_WARN_UNUSED_FUNCTION = YES;
				GCC_WARN_UNUSED_VARIABLE = YES;
				IPHONEOS_DEPLOYMENT_TARGET = 11.4;
				MTL_ENABLE_DEBUG_INFO = NO;
				SDKROOT = iphoneos;
				SWIFT_COMPILATION_MODE = wholemodule;
				SWIFT_OPTIMIZATION_LEVEL = "-O";
				VALIDATE_PRODUCT = YES;
			};
			name = Release;
		};
		54360B0A20CB94AA008BACD0 /* Debug */ = {
			isa = XCBuildConfiguration;
			buildSettings = {
				ASSETCATALOG_COMPILER_APPICON_NAME = AppIcon;
				CODE_SIGN_STYLE = Automatic;
				DEVELOPMENT_TEAM = EA3VP7SXZ2;
				FRAMEWORK_SEARCH_PATHS = (
					"$(inherited)",
					"$(PROJECT_DIR)/Carthage/Build/iOS",
				);
				INFOPLIST_FILE = myapp/Info.plist;
				LD_RUNPATH_SEARCH_PATHS = (
					"$(inherited)",
					"@executable_path/Frameworks",
				);
				PRODUCT_BUNDLE_IDENTIFIER = "sample-pipinosuke.myapp";
				PRODUCT_NAME = "$(TARGET_NAME)";
				SWIFT_VERSION = 4.0;
				TARGETED_DEVICE_FAMILY = "1,2";
			};
			name = Debug;
		};
		54360B0B20CB94AA008BACD0 /* Release */ = {
			isa = XCBuildConfiguration;
			buildSettings = {
				ASSETCATALOG_COMPILER_APPICON_NAME = AppIcon;
				CODE_SIGN_STYLE = Automatic;
				DEVELOPMENT_TEAM = EA3VP7SXZ2;
				FRAMEWORK_SEARCH_PATHS = (
					"$(inherited)",
					"$(PROJECT_DIR)/Carthage/Build/iOS",
				);
				INFOPLIST_FILE = myapp/Info.plist;
				LD_RUNPATH_SEARCH_PATHS = (
					"$(inherited)",
					"@executable_path/Frameworks",
				);
				PRODUCT_BUNDLE_IDENTIFIER = "sample-pipinosuke.myapp";
				PRODUCT_NAME = "$(TARGET_NAME)";
				SWIFT_VERSION = 4.0;
				TARGETED_DEVICE_FAMILY = "1,2";
			};
			name = Release;
		};
		54360B0D20CB94AA008BACD0 /* Debug */ = {
			isa = XCBuildConfiguration;
			buildSettings = {
				ALWAYS_EMBED_SWIFT_STANDARD_LIBRARIES = YES;
				BUNDLE_LOADER = "$(TEST_HOST)";
				CODE_SIGN_STYLE = Automatic;
				DEVELOPMENT_TEAM = EA3VP7SXZ2;
				INFOPLIST_FILE = myappTests/Info.plist;
				LD_RUNPATH_SEARCH_PATHS = (
					"$(inherited)",
					"@executable_path/Frameworks",
					"@loader_path/Frameworks",
				);
				PRODUCT_BUNDLE_IDENTIFIER = myapp.myappTests;
				PRODUCT_NAME = "$(TARGET_NAME)";
				SWIFT_VERSION = 4.0;
				TARGETED_DEVICE_FAMILY = "1,2";
				TEST_HOST = "$(BUILT_PRODUCTS_DIR)/myapp.app/myapp";
			};
			name = Debug;
		};
		54360B0E20CB94AA008BACD0 /* Release */ = {
			isa = XCBuildConfiguration;
			buildSettings = {
				ALWAYS_EMBED_SWIFT_STANDARD_LIBRARIES = YES;
				BUNDLE_LOADER = "$(TEST_HOST)";
				CODE_SIGN_STYLE = Automatic;
				DEVELOPMENT_TEAM = EA3VP7SXZ2;
				INFOPLIST_FILE = myappTests/Info.plist;
				LD_RUNPATH_SEARCH_PATHS = (
					"$(inherited)",
					"@executable_path/Frameworks",
					"@loader_path/Frameworks",
				);
				PRODUCT_BUNDLE_IDENTIFIER = myapp.myappTests;
				PRODUCT_NAME = "$(TARGET_NAME)";
				SWIFT_VERSION = 4.0;
				TARGETED_DEVICE_FAMILY = "1,2";
				TEST_HOST = "$(BUILT_PRODUCTS_DIR)/myapp.app/myapp";
			};
			name = Release;
		};
		54360B1020CB94AA008BACD0 /* Debug */ = {
			isa = XCBuildConfiguration;
			buildSettings = {
				ALWAYS_EMBED_SWIFT_STANDARD_LIBRARIES = YES;
				CODE_SIGN_STYLE = Automatic;
				DEVELOPMENT_TEAM = EA3VP7SXZ2;
				INFOPLIST_FILE = myappUITests/Info.plist;
				LD_RUNPATH_SEARCH_PATHS = (
					"$(inherited)",
					"@executable_path/Frameworks",
					"@loader_path/Frameworks",
				);
				PRODUCT_BUNDLE_IDENTIFIER = myapp.myappUITests;
				PRODUCT_NAME = "$(TARGET_NAME)";
				SWIFT_VERSION = 4.0;
				TARGETED_DEVICE_FAMILY = "1,2";
				TEST_TARGET_NAME = myapp;
			};
			name = Debug;
		};
		54360B1120CB94AA008BACD0 /* Release */ = {
			isa = XCBuildConfiguration;
			buildSettings = {
				ALWAYS_EMBED_SWIFT_STANDARD_LIBRARIES = YES;
				CODE_SIGN_STYLE = Automatic;
				DEVELOPMENT_TEAM = EA3VP7SXZ2;
				INFOPLIST_FILE = myappUITests/Info.plist;
				LD_RUNPATH_SEARCH_PATHS = (
					"$(inherited)",
					"@executable_path/Frameworks",
					"@loader_path/Frameworks",
				);
				PRODUCT_BUNDLE_IDENTIFIER = myapp.myappUITests;
				PRODUCT_NAME = "$(TARGET_NAME)";
				SWIFT_VERSION = 4.0;
				TARGETED_DEVICE_FAMILY = "1,2";
				TEST_TARGET_NAME = myapp;
			};
			name = Release;
		};
/* End XCBuildConfiguration section */

/* Begin XCConfigurationList section */
		54360ADC20CB94A8008BACD0 /* Build configuration list for PBXProject "myapp" */ = {
			isa = XCConfigurationList;
			buildConfigurations = (
				54360B0720CB94AA008BACD0 /* Debug */,
				54360B0820CB94AA008BACD0 /* Release */,
			);
			defaultConfigurationIsVisible = 0;
			defaultConfigurationName = Release;
		};
		54360B0920CB94AA008BACD0 /* Build configuration list for PBXNativeTarget "myapp" */ = {
			isa = XCConfigurationList;
			buildConfigurations = (
				54360B0A20CB94AA008BACD0 /* Debug */,
				54360B0B20CB94AA008BACD0 /* Release */,
			);
			defaultConfigurationIsVisible = 0;
			defaultConfigurationName = Release;
		};
		54360B0C20CB94AA008BACD0 /* Build configuration list for PBXNativeTarget "myappTests" */ = {
			isa = XCConfigurationList;
			buildConfigurations = (
				54360B0D20CB94AA008BACD0 /* Debug */,
				54360B0E20CB94AA008BACD0 /* Release */,
			);
			defaultConfigurationIsVisible = 0;
			defaultConfigurationName = Release;
		};
		54360B0F20CB94AA008BACD0 /* Build configuration list for PBXNativeTarget "myappUITests" */ = {
			isa = XCConfigurationList;
			buildConfigurations = (
				54360B1020CB94AA008BACD0 /* Debug */,
				54360B1120CB94AA008BACD0 /* Release */,
			);
			defaultConfigurationIsVisible = 0;
			defaultConfigurationName = Release;
		};
/* End XCConfigurationList section */
	};
	rootObject = 54360AD920CB94A8008BACD0 /* Project object */;
}
